github.com/Masterminds/semver/v3 v3.5.0 h1:kQceYJfbupGfZOKZQg0kou0DgAKhzDg2NZPAwZ/2OOE=
github.com/Masterminds/semver/v3 v3.5.0/go.mod h1:4V+yj/TJE1HU9XfppCwVMZq3I84lprf4nC11bSS5beM=
github.com/ctx42/dotenv v0.4.0 h1:OkGrFIKPI2gvNeHK6+oZWQQ+SY+eAZ+n54sDoSo3rCc=
github.com/ctx42/dotenv v0.4.0/go.mod h1:EyFexoxxe/DJydSiEkyIbDHVZar8WuzVjo5MxD4eIrM=
github.com/ctx42/gitaid v0.3.0 h1:CV57G904Jfc3WMvEAFnKr4PujhYq7/V3jmH13h+5P8U=
github.com/ctx42/gitaid v0.3.0/go.mod h1:KoUxIPXANEDun1u/650lJz3j40uBaVPXCHoqkVpGGz4=
github.com/ctx42/gomake v0.22.0 h1:fZoGw45e/rbEdAyWsx1mrNHrKi4blOuMgkive2eDRhQ=
github.com/ctx42/gomake v0.22.0/go.mod h1:cWXrBwIyXn5ibUrn7w3/QI4jsb6DXqn5LU6UeCb69rI=
github.com/ctx42/gomake v0.23.0 h1:YuuEDKsKLrQLfOXxEjSbuoFRVJ80/DPljfoV5obwlWs=
github.com/ctx42/gomake v0.23.0/go.mod h1:cWXrBwIyXn5ibUrn7w3/QI4jsb6DXqn5LU6UeCb69rI=
github.com/ctx42/ring v0.7.1 h1:qN6SR9OrXq0Yj8Sf1ilEY/m6kHFbyRJb6VmlO0bQe9E=
github.com/ctx42/ring v0.7.1/go.mod h1:ko72cbRboriU8jTgDUEZHacrfwPKPjy8edtJ2doccHQ=
github.com/ctx42/testing v0.55.0 h1:xzYg+zW6xx2BDemveLhIztU6BdY9O6KCCR1FeYEt+mk=
github.com/ctx42/testing v0.55.0/go.mod h1:wRBqNRtlxDZnXIjgCX3zr05Acl6JC1D6cSBN2IpaMIs=
github.com/ctx42/testkit v0.8.0 h1:JLFkGqDgglRQ/jm43XNb5OBo4KxOZJQXIV90d/sT4UY=
github.com/ctx42/testkit v0.8.0/go.mod h1:TuyXl4VM5PLj9VKMFQxVFyJH84fotgVMuxdwXDSEo7M=
github.com/ctx42/testkit v0.8.1 h1:zQHjC7k8L5XPEKBKlN4vyPAG0vjjcCttaelUkFg/DZY=
github.com/ctx42/testkit v0.8.1/go.mod h1:qibFgrqpDrlY8Zwoz/7ye8Xxqytiw/h0guAAHv95L/I=
github.com/ctx42/testkit v0.9.0 h1:VcL1pzK7ZTdgPShOFNQDCsPpmUaCpbjIUCoTEYoP05k=
github.com/ctx42/testkit v0.9.0/go.mod h1:1N3ra8CnqnnySGqpROjPEEwjjU2atULD9HF0i1q/XrY=
github.com/ctx42/testkit v0.10.0 h1:qySAZGErKoKaHnz40dllV/I/e5Fn/s5oEStV3gymbLA=
github.com/ctx42/testkit v0.10.0/go.mod h1:06jegYkEuBa/JbEyAJjsQTxB7pQEuznR0TcEt1p71LI=
github.com/ctx42/xdef v0.5.0 h1:YsO54cLG4F4bm1kIM1qQUTeqdjwcBanJkitsXfeNGjg=
github.com/ctx42/xdef v0.5.0/go.mod h1:KY52keTViC/5i/nI25eRNBtYifhRqqyLs7gvIVbbaZ8=
github.com/ctx42/xdef v0.6.0 h1:AR4yTp8i0kB0tFlaD1mk5i/MEpaAQ+ICScHsZ0do9SA=
github.com/ctx42/xdef v0.6.0/go.mod h1:KY52keTViC/5i/nI25eRNBtYifhRqqyLs7gvIVbbaZ8=
github.com/ctx42/xdef v0.7.0 h1:ErbZDu6nGlqctx64abByy4bbQAJDX4UsoFZxmZ96cB8=
github.com/ctx42/xdef v0.7.0/go.mod h1:KY52keTViC/5i/nI25eRNBtYifhRqqyLs7gvIVbbaZ8=
github.com/ctx42/xflag v0.10.0 h1:QaaOz0JRkJQtumPWnbMQ04dYDURgWKgsIco53Dder5M=
github.com/ctx42/xflag v0.10.0/go.mod h1:8VeKeOfwpoA2uPLPnbYPxOatFpBvfmuHz7O7Wii2nGc=
