github.com/Masterminds/semver/v3 v3.5.0 h1:kQceYJfbupGfZOKZQg0kou0DgAKhzDg2NZPAwZ/2OOE=
github.com/Masterminds/semver/v3 v3.5.0/go.mod h1:4V+yj/TJE1HU9XfppCwVMZq3I84lprf4nC11bSS5beM=
github.com/ctx42/dotenv v0.6.0 h1:7vocJn+CrLWh6lmwoUxgjZ/LcTvnDAKb+j6MBgBf750=
github.com/ctx42/dotenv v0.6.0/go.mod h1:ft58DuSyXfNtoVxEzpTY8jmVcpkPxHK6zCLcfE6Ondc=
github.com/ctx42/gitaid v0.11.0 h1:wVFoV5WyhFOfn73z52R2B/HA1+99f4h2kOtJZo6PGLY=
github.com/ctx42/gitaid v0.11.0/go.mod h1:bElLVAP93ROt7+Wo7NAhsVT0phem5jD+m4q3uAF//Uc=
github.com/ctx42/gomake v0.30.1 h1:PEStLzeZprfBM+ckI365vDRb8gzJQRAth22Kp1WjNgg=
github.com/ctx42/gomake v0.30.1/go.mod h1:h0jgxnB9dV/rYy22kCY4StYnd82sys668mozFi6Fi1w=
github.com/ctx42/ring v0.8.0 h1:pH6IXU9NNZeJcMgY3Zn5T1H4QwQJ2MQKTh/3wrMiQhU=
github.com/ctx42/ring v0.8.0/go.mod h1:ILFh9X0/YdsISY7pwz5DYuH0GbGflXP8rTc5rgtrWus=
github.com/ctx42/testing v0.56.0 h1:+yZwRy+5JQb+14YtRTGJxWbAMAP9qlU9pMa8TPqgdzE=
github.com/ctx42/testing v0.56.0/go.mod h1:wRBqNRtlxDZnXIjgCX3zr05Acl6JC1D6cSBN2IpaMIs=
github.com/ctx42/testkit v0.16.0 h1:HIlCmiFg+uYD746HPa2Jn4PQk50jzVRRHw4y33cLbcI=
github.com/ctx42/testkit v0.16.0/go.mod h1:2jFaBljQ01ShsJSo6qz8fWOdVaWL7NLPF+J0txRynoo=
github.com/ctx42/xdef v0.9.1 h1:hhHXAwf8/qDmZG/269v1LLb0/7cHd4jkL0ZuHDUp2b4=
github.com/ctx42/xdef v0.9.1/go.mod h1:KY52keTViC/5i/nI25eRNBtYifhRqqyLs7gvIVbbaZ8=
github.com/ctx42/xflag v0.11.0 h1:OtamcSKacRZWnfRRvHDD8BsV9ziCAh2OK5Pke26XjpY=
github.com/ctx42/xflag v0.11.0/go.mod h1:wPJIVaoNB43X5MXOb4sTg2ap5XXFoDD5w7/PtruPnEE=
